DEPENDENCIES
  my_cookbook
    path: .
    metadata: true

GRAPH
  apt (4.0.1)
    compat_resource (>= 12.10)
  chef-client (5.0.0)
    cron (>= 1.7.0)
    logrotate (>= 1.9.0)
    windows (>= 1.42.0)
  chef_handler (1.4.0)
  compat_resource (12.10.7)
  cron (1.7.6)
  logrotate (2.1.0)
    compat_resource (>= 0.0.0)
  my_cookbook (0.1.0)
    apt (>= 0.0.0)
    chef-client (>= 0.0.0)
    ntp (>= 0.0.0)
  ntp (2.0.0)
    windows (>= 1.38.0)
  windows (1.44.1)
    chef_handler (>= 0.0.0)
